
Microsoft Visual Studio Solution File, Format Version 12.00
# Visual Studio Version 17
VisualStudioVersion = 17.5.002.0
MinimumVisualStudioVersion = 10.0.40219.1
Project("{2150E333-8FDC-42A3-9474-1A3956D46DE8}") = "csharp-prep", "csharp-prep", "{373706A1-80D7-40B9-9EF3-748502BBC5D5}"
EndProject
Project("{9A19103F-16F7-4668-BE54-9A1E7A4F7556}") = "Prep1", "csharp-prep\Prep1\Prep1.csproj", "{CED69FCB-669C-46E2-A7D8-75B2541E7931}"
EndProject
Project("{9A19103F-16F7-4668-BE54-9A1E7A4F7556}") = "Prep2", "csharp-prep\Prep2\Prep2.csproj", "{7F6F298C-44DA-4D8E-9571-8095C6CD1F8C}"
EndProject
Project("{9A19103F-16F7-4668-BE54-9A1E7A4F7556}") = "Prep3", "csharp-prep\Prep3\Prep3.csproj", "{AB79615B-A9A9-4BB3-BE08-A6BA59B55262}"
EndProject
Project("{9A19103F-16F7-4668-BE54-9A1E7A4F7556}") = "Prep4", "csharp-prep\Prep4\Prep4.csproj", "{97D9EA1D-749B-4B8F-B0F1-621F6A48C55F}"
EndProject
Project("{9A19103F-16F7-4668-BE54-9A1E7A4F7556}") = "Prep5", "csharp-prep\Prep5\Prep5.csproj", "{1DD30F2D-5487-40EC-B79F-30A8A8472E46}"
EndProject
Project("{2150E333-8FDC-42A3-9474-1A3956D46DE8}") = "final", "final", "{FE170D0E-42E9-4511-BDA3-D2A0B8749816}"
EndProject
Project("{9A19103F-16F7-4668-BE54-9A1E7A4F7556}") = "FinalProject", "final\FinalProject\FinalProject.csproj", "{7F625AC2-7890-40ED-8CEE-EAFAF7E41811}"
EndProject
Project("{9A19103F-16F7-4668-BE54-9A1E7A4F7556}") = "Foundation1", "final\Foundation1\Foundation1.csproj", "{C567C55A-A61B-4031-9F28-39B1F2C596E9}"
EndProject
Project("{9A19103F-16F7-4668-BE54-9A1E7A4F7556}") = "Foundation2", "final\Foundation2\Foundation2.csproj", "{CE352CE0-AFC9-4820-905C-1C2B08AAD8B8}"
EndProject
Project("{9A19103F-16F7-4668-BE54-9A1E7A4F7556}") = "Foundation3", "final\Foundation3\Foundation3.csproj", "{6889DC8F-5921-4789-B2A6-12BE33D8B83D}"
EndProject
Project("{9A19103F-16F7-4668-BE54-9A1E7A4F7556}") = "Foundation4", "final\Foundation4\Foundation4.csproj", "{E271AF76-E92F-46C6-92BC-31693B6F1040}"
EndProject
Project("{2150E333-8FDC-42A3-9474-1A3956D46DE8}") = "prepare", "prepare", "{00C27437-A088-422C-AA7F-4E703D3F0BDB}"
EndProject
Project("{9A19103F-16F7-4668-BE54-9A1E7A4F7556}") = "Learning02", "prepare\Learning02\Learning02.csproj", "{E9594D7E-CACF-4B1F-9758-856B7DC04FC4}"
EndProject
Project("{9A19103F-16F7-4668-BE54-9A1E7A4F7556}") = "Learning03", "prepare\Learning03\Learning03.csproj", "{5778C5BE-E0CE-455F-9C7A-6A93EBF3CA57}"
EndProject
Project("{9A19103F-16F7-4668-BE54-9A1E7A4F7556}") = "Learning04", "prepare\Learning04\Learning04.csproj", "{664F6207-D352-4B49-AEE0-33D234125960}"
EndProject
Project("{9A19103F-16F7-4668-BE54-9A1E7A4F7556}") = "Learning05", "prepare\Learning05\Learning05.csproj", "{5486219C-0C75-4E15-996F-0E978B20619D}"
EndProject
Project("{2150E333-8FDC-42A3-9474-1A3956D46DE8}") = "prove", "prove", "{60F3483B-6E52-4F8E-AA38-D991111CE952}"
EndProject
Project("{9A19103F-16F7-4668-BE54-9A1E7A4F7556}") = "Develop02", "prove\Develop02\Develop02.csproj", "{74DD12DB-FF77-4C55-9427-CD34B430BFF1}"
EndProject
Project("{9A19103F-16F7-4668-BE54-9A1E7A4F7556}") = "Develop03", "prove\Develop03\Develop03.csproj", "{BBC31923-0E52-42B1-80C5-64867229639F}"
EndProject
Project("{9A19103F-16F7-4668-BE54-9A1E7A4F7556}") = "Develop04", "prove\Develop04\Develop04.csproj", "{9FE1059B-55A7-43AB-9F69-6A054A42694E}"
EndProject
Project("{9A19103F-16F7-4668-BE54-9A1E7A4F7556}") = "Develop05", "prove\Develop05\Develop05.csproj", "{27B89F93-CB26-41E5-BB8B-04FE8FE7562A}"
EndProject
Project("{2150E333-8FDC-42A3-9474-1A3956D46DE8}") = "sandbox", "sandbox", "{30D458FE-1737-49FF-9022-F61468615398}"
EndProject
Project("{9A19103F-16F7-4668-BE54-9A1E7A4F7556}") = "Sandbox", "sandbox\Sandbox\Sandbox.csproj", "{90FA79B9-6DA6-4668-87B0-F5DB5A0CC2F7}"
EndProject
Global
	GlobalSection(SolutionConfigurationPlatforms) = preSolution
		Debug|Any CPU = Debug|Any CPU
		Release|Any CPU = Release|Any CPU
	EndGlobalSection
	GlobalSection(ProjectConfigurationPlatforms) = postSolution
		{CED69FCB-669C-46E2-A7D8-75B2541E7931}.Debug|Any CPU.ActiveCfg = Debug|Any CPU
		{CED69FCB-669C-46E2-A7D8-75B2541E7931}.Debug|Any CPU.Build.0 = Debug|Any CPU
		{CED69FCB-669C-46E2-A7D8-75B2541E7931}.Release|Any CPU.ActiveCfg = Release|Any CPU
		{CED69FCB-669C-46E2-A7D8-75B2541E7931}.Release|Any CPU.Build.0 = Release|Any CPU
		{7F6F298C-44DA-4D8E-9571-8095C6CD1F8C}.Debug|Any CPU.ActiveCfg = Debug|Any CPU
		{7F6F298C-44DA-4D8E-9571-8095C6CD1F8C}.Debug|Any CPU.Build.0 = Debug|Any CPU
		{7F6F298C-44DA-4D8E-9571-8095C6CD1F8C}.Release|Any CPU.ActiveCfg = Release|Any CPU
		{7F6F298C-44DA-4D8E-9571-8095C6CD1F8C}.Release|Any CPU.Build.0 = Release|Any CPU
		{AB79615B-A9A9-4BB3-BE08-A6BA59B55262}.Debug|Any CPU.ActiveCfg = Debug|Any CPU
		{AB79615B-A9A9-4BB3-BE08-A6BA59B55262}.Debug|Any CPU.Build.0 = Debug|Any CPU
		{AB79615B-A9A9-4BB3-BE08-A6BA59B55262}.Release|Any CPU.ActiveCfg = Release|Any CPU
		{AB79615B-A9A9-4BB3-BE08-A6BA59B55262}.Release|Any CPU.Build.0 = Release|Any CPU
		{97D9EA1D-749B-4B8F-B0F1-621F6A48C55F}.Debug|Any CPU.ActiveCfg = Debug|Any CPU
		{97D9EA1D-749B-4B8F-B0F1-621F6A48C55F}.Debug|Any CPU.Build.0 = Debug|Any CPU
		{97D9EA1D-749B-4B8F-B0F1-621F6A48C55F}.Release|Any CPU.ActiveCfg = Release|Any CPU
		{97D9EA1D-749B-4B8F-B0F1-621F6A48C55F}.Release|Any CPU.Build.0 = Release|Any CPU
		{1DD30F2D-5487-40EC-B79F-30A8A8472E46}.Debug|Any CPU.ActiveCfg = Debug|Any CPU
		{1DD30F2D-5487-40EC-B79F-30A8A8472E46}.Debug|Any CPU.Build.0 = Debug|Any CPU
		{1DD30F2D-5487-40EC-B79F-30A8A8472E46}.Release|Any CPU.ActiveCfg = Release|Any CPU
		{1DD30F2D-5487-40EC-B79F-30A8A8472E46}.Release|Any CPU.Build.0 = Release|Any CPU
		{7F625AC2-7890-40ED-8CEE-EAFAF7E41811}.Debug|Any CPU.ActiveCfg = Debug|Any CPU
		{7F625AC2-7890-40ED-8CEE-EAFAF7E41811}.Debug|Any CPU.Build.0 = Debug|Any CPU
		{7F625AC2-7890-40ED-8CEE-EAFAF7E41811}.Release|Any CPU.ActiveCfg = Release|Any CPU
		{7F625AC2-7890-40ED-8CEE-EAFAF7E41811}.Release|Any CPU.Build.0 = Release|Any CPU
		{C567C55A-A61B-4031-9F28-39B1F2C596E9}.Debug|Any CPU.ActiveCfg = Debug|Any CPU
		{C567C55A-A61B-4031-9F28-39B1F2C596E9}.Debug|Any CPU.Build.0 = Debug|Any CPU
		{C567C55A-A61B-4031-9F28-39B1F2C596E9}.Release|Any CPU.ActiveCfg = Release|Any CPU
		{C567C55A-A61B-4031-9F28-39B1F2C596E9}.Release|Any CPU.Build.0 = Release|Any CPU
		{CE352CE0-AFC9-4820-905C-1C2B08AAD8B8}.Debug|Any CPU.ActiveCfg = Debug|Any CPU
		{CE352CE0-AFC9-4820-905C-1C2B08AAD8B8}.Debug|Any CPU.Build.0 = Debug|Any CPU
		{CE352CE0-AFC9-4820-905C-1C2B08AAD8B8}.Release|Any CPU.ActiveCfg = Release|Any CPU
		{CE352CE0-AFC9-4820-905C-1C2B08AAD8B8}.Release|Any CPU.Build.0 = Release|Any CPU
		{6889DC8F-5921-4789-B2A6-12BE33D8B83D}.Debug|Any CPU.ActiveCfg = Debug|Any CPU
		{6889DC8F-5921-4789-B2A6-12BE33D8B83D}.Debug|Any CPU.Build.0 = Debug|Any CPU
		{6889DC8F-5921-4789-B2A6-12BE33D8B83D}.Release|Any CPU.ActiveCfg = Release|Any CPU
		{6889DC8F-5921-4789-B2A6-12BE33D8B83D}.Release|Any CPU.Build.0 = Release|Any CPU
		{E271AF76-E92F-46C6-92BC-31693B6F1040}.Debug|Any CPU.ActiveCfg = Debug|Any CPU
		{E271AF76-E92F-46C6-92BC-31693B6F1040}.Debug|Any CPU.Build.0 = Debug|Any CPU
		{E271AF76-E92F-46C6-92BC-31693B6F1040}.Release|Any CPU.ActiveCfg = Release|Any CPU
		{E271AF76-E92F-46C6-92BC-31693B6F1040}.Release|Any CPU.Build.0 = Release|Any CPU
		{E9594D7E-CACF-4B1F-9758-856B7DC04FC4}.Debug|Any CPU.ActiveCfg = Debug|Any CPU
		{E9594D7E-CACF-4B1F-9758-856B7DC04FC4}.Debug|Any CPU.Build.0 = Debug|Any CPU
		{E9594D7E-CACF-4B1F-9758-856B7DC04FC4}.Release|Any CPU.ActiveCfg = Release|Any CPU
		{E9594D7E-CACF-4B1F-9758-856B7DC04FC4}.Release|Any CPU.Build.0 = Release|Any CPU
		{5778C5BE-E0CE-455F-9C7A-6A93EBF3CA57}.Debug|Any CPU.ActiveCfg = Debug|Any CPU
		{5778C5BE-E0CE-455F-9C7A-6A93EBF3CA57}.Debug|Any CPU.Build.0 = Debug|Any CPU
		{5778C5BE-E0CE-455F-9C7A-6A93EBF3CA57}.Release|Any CPU.ActiveCfg = Release|Any CPU
		{5778C5BE-E0CE-455F-9C7A-6A93EBF3CA57}.Release|Any CPU.Build.0 = Release|Any CPU
		{664F6207-D352-4B49-AEE0-33D234125960}.Debug|Any CPU.ActiveCfg = Debug|Any CPU
		{664F6207-D352-4B49-AEE0-33D234125960}.Debug|Any CPU.Build.0 = Debug|Any CPU
		{664F6207-D352-4B49-AEE0-33D234125960}.Release|Any CPU.ActiveCfg = Release|Any CPU
		{664F6207-D352-4B49-AEE0-33D234125960}.Release|Any CPU.Build.0 = Release|Any CPU
		{5486219C-0C75-4E15-996F-0E978B20619D}.Debug|Any CPU.ActiveCfg = Debug|Any CPU
		{5486219C-0C75-4E15-996F-0E978B20619D}.Debug|Any CPU.Build.0 = Debug|Any CPU
		{5486219C-0C75-4E15-996F-0E978B20619D}.Release|Any CPU.ActiveCfg = Release|Any CPU
		{5486219C-0C75-4E15-996F-0E978B20619D}.Release|Any CPU.Build.0 = Release|Any CPU
		{74DD12DB-FF77-4C55-9427-CD34B430BFF1}.Debug|Any CPU.ActiveCfg = Debug|Any CPU
		{74DD12DB-FF77-4C55-9427-CD34B430BFF1}.Debug|Any CPU.Build.0 = Debug|Any CPU
		{74DD12DB-FF77-4C55-9427-CD34B430BFF1}.Release|Any CPU.ActiveCfg = Release|Any CPU
		{74DD12DB-FF77-4C55-9427-CD34B430BFF1}.Release|Any CPU.Build.0 = Release|Any CPU
		{BBC31923-0E52-42B1-80C5-64867229639F}.Debug|Any CPU.ActiveCfg = Debug|Any CPU
		{BBC31923-0E52-42B1-80C5-64867229639F}.Debug|Any CPU.Build.0 = Debug|Any CPU
		{BBC31923-0E52-42B1-80C5-64867229639F}.Release|Any CPU.ActiveCfg = Release|Any CPU
		{BBC31923-0E52-42B1-80C5-64867229639F}.Release|Any CPU.Build.0 = Release|Any CPU
		{9FE1059B-55A7-43AB-9F69-6A054A42694E}.Debug|Any CPU.ActiveCfg = Debug|Any CPU
		{9FE1059B-55A7-43AB-9F69-6A054A42694E}.Debug|Any CPU.Build.0 = Debug|Any CPU
		{9FE1059B-55A7-43AB-9F69-6A054A42694E}.Release|Any CPU.ActiveCfg = Release|Any CPU
		{9FE1059B-55A7-43AB-9F69-6A054A42694E}.Release|Any CPU.Build.0 = Release|Any CPU
		{27B89F93-CB26-41E5-BB8B-04FE8FE7562A}.Debug|Any CPU.ActiveCfg = Debug|Any CPU
		{27B89F93-CB26-41E5-BB8B-04FE8FE7562A}.Debug|Any CPU.Build.0 = Debug|Any CPU
		{27B89F93-CB26-41E5-BB8B-04FE8FE7562A}.Release|Any CPU.ActiveCfg = Release|Any CPU
		{27B89F93-CB26-41E5-BB8B-04FE8FE7562A}.Release|Any CPU.Build.0 = Release|Any CPU
		{90FA79B9-6DA6-4668-87B0-F5DB5A0CC2F7}.Debug|Any CPU.ActiveCfg = Debug|Any CPU
		{90FA79B9-6DA6-4668-87B0-F5DB5A0CC2F7}.Debug|Any CPU.Build.0 = Debug|Any CPU
		{90FA79B9-6DA6-4668-87B0-F5DB5A0CC2F7}.Release|Any CPU.ActiveCfg = Release|Any CPU
		{90FA79B9-6DA6-4668-87B0-F5DB5A0CC2F7}.Release|Any CPU.Build.0 = Release|Any CPU
	EndGlobalSection
	GlobalSection(SolutionProperties) = preSolution
		HideSolutionNode = FALSE
	EndGlobalSection
	GlobalSection(NestedProjects) = preSolution
		{CED69FCB-669C-46E2-A7D8-75B2541E7931} = {373706A1-80D7-40B9-9EF3-748502BBC5D5}
		{7F6F298C-44DA-4D8E-9571-8095C6CD1F8C} = {373706A1-80D7-40B9-9EF3-748502BBC5D5}
		{AB79615B-A9A9-4BB3-BE08-A6BA59B55262} = {373706A1-80D7-40B9-9EF3-748502BBC5D5}
		{97D9EA1D-749B-4B8F-B0F1-621F6A48C55F} = {373706A1-80D7-40B9-9EF3-748502BBC5D5}
		{1DD30F2D-5487-40EC-B79F-30A8A8472E46} = {373706A1-80D7-40B9-9EF3-748502BBC5D5}
		{7F625AC2-7890-40ED-8CEE-EAFAF7E41811} = {FE170D0E-42E9-4511-BDA3-D2A0B8749816}
		{C567C55A-A61B-4031-9F28-39B1F2C596E9} = {FE170D0E-42E9-4511-BDA3-D2A0B8749816}
		{CE352CE0-AFC9-4820-905C-1C2B08AAD8B8} = {FE170D0E-42E9-4511-BDA3-D2A0B8749816}
		{6889DC8F-5921-4789-B2A6-12BE33D8B83D} = {FE170D0E-42E9-4511-BDA3-D2A0B8749816}
		{E271AF76-E92F-46C6-92BC-31693B6F1040} = {FE170D0E-42E9-4511-BDA3-D2A0B8749816}
		{E9594D7E-CACF-4B1F-9758-856B7DC04FC4} = {00C27437-A088-422C-AA7F-4E703D3F0BDB}
		{5778C5BE-E0CE-455F-9C7A-6A93EBF3CA57} = {00C27437-A088-422C-AA7F-4E703D3F0BDB}
		{664F6207-D352-4B49-AEE0-33D234125960} = {00C27437-A088-422C-AA7F-4E703D3F0BDB}
		{5486219C-0C75-4E15-996F-0E978B20619D} = {00C27437-A088-422C-AA7F-4E703D3F0BDB}
		{74DD12DB-FF77-4C55-9427-CD34B430BFF1} = {60F3483B-6E52-4F8E-AA38-D991111CE952}
		{BBC31923-0E52-42B1-80C5-64867229639F} = {60F3483B-6E52-4F8E-AA38-D991111CE952}
		{9FE1059B-55A7-43AB-9F69-6A054A42694E} = {60F3483B-6E52-4F8E-AA38-D991111CE952}
		{27B89F93-CB26-41E5-BB8B-04FE8FE7562A} = {60F3483B-6E52-4F8E-AA38-D991111CE952}
		{90FA79B9-6DA6-4668-87B0-F5DB5A0CC2F7} = {30D458FE-1737-49FF-9022-F61468615398}
	EndGlobalSection
	GlobalSection(ExtensibilityGlobals) = postSolution
		SolutionGuid = {D8FCBD16-2484-433E-AB4C-89107C714F10}
	EndGlobalSection
EndGlobal
